
Microsoft Visual Studio Solution File, Format Version 12.00
# Visual Studio 14
VisualStudioVersion = 14.0.25420.1
MinimumVisualStudioVersion = 10.0.40219.1
Project("{888888A0-9F3D-457C-B088-3A5042F75D52}") = "Python_kalkulator_klasice_logike_sudova", "Python_kalkulator_klasice_logike_sudova\Python_kalkulator_klasice_logike_sudova.pyproj", "{0A779A8A-89B6-48BD-9246-79BA89F7A6DB}"
EndProject
Global
	GlobalSection(SolutionConfigurationPlatforms) = preSolution
		Debug|Any CPU = Debug|Any CPU
		Release|Any CPU = Release|Any CPU
	EndGlobalSection
	GlobalSection(ProjectConfigurationPlatforms) = postSolution
		{0A779A8A-89B6-48BD-9246-79BA89F7A6DB}.Debug|Any CPU.ActiveCfg = Debug|Any CPU
		{0A779A8A-89B6-48BD-9246-79BA89F7A6DB}.Release|Any CPU.ActiveCfg = Release|Any CPU
	EndGlobalSection
	GlobalSection(SolutionProperties) = preSolution
		HideSolutionNode = FALSE
	EndGlobalSection
EndGlobal
